
Microsoft Visual Studio Solution File, Format Version 12.00
# Visual Studio 15
VisualStudioVersion = 15.0.26124.0
MinimumVisualStudioVersion = 15.0.26124.0
Project("{2150E333-8FDC-42A3-9474-1A3956D46DE8}") = "01_Presentation", "01_Presentation", "{C3D92F11-7FD2-49FD-AAD0-08DCB1F3EB13}"
EndProject
Project("{FAE04EC0-301F-11D3-BF4B-00C04F79EFBC}") = "API", "01_Presentation\API\API.csproj", "{96FDC3E5-11D7-43CF-9A9D-4DE4997F718F}"
EndProject
Project("{FAE04EC0-301F-11D3-BF4B-00C04F79EFBC}") = "02_DependencyInjection", "02_DependencyInjection\02_DependencyInjection.csproj", "{69DCBA51-E4AD-43B4-AAC3-77FAD309004D}"
EndProject
Project("{2150E333-8FDC-42A3-9474-1A3956D46DE8}") = "03_Domain", "03_Domain", "{70EBE988-6288-4198-A3B9-E83D799869D8}"
EndProject
Project("{FAE04EC0-301F-11D3-BF4B-00C04F79EFBC}") = "Core", "03_Domain\Core\Core.csproj", "{F8BF08FD-EA81-447A-8A2C-85264CF49C74}"
EndProject
Project("{FAE04EC0-301F-11D3-BF4B-00C04F79EFBC}") = "Services", "03_Domain\Services\Services.csproj", "{6487B384-77EF-4694-8165-FB1858384068}"
EndProject
Project("{2150E333-8FDC-42A3-9474-1A3956D46DE8}") = "04_Infrastructure", "04_Infrastructure", "{D803089C-CD41-420B-959A-9C646681B761}"
EndProject
Project("{FAE04EC0-301F-11D3-BF4B-00C04F79EFBC}") = "Repository", "04_Infrastructure\Repository\Repository.csproj", "{A859E72E-2358-4A89-A3CF-CECB43BAAEA7}"
EndProject
Global
	GlobalSection(SolutionConfigurationPlatforms) = preSolution
		Debug|Any CPU = Debug|Any CPU
		Debug|x64 = Debug|x64
		Debug|x86 = Debug|x86
		Release|Any CPU = Release|Any CPU
		Release|x64 = Release|x64
		Release|x86 = Release|x86
	EndGlobalSection
	GlobalSection(SolutionProperties) = preSolution
		HideSolutionNode = FALSE
	EndGlobalSection
	GlobalSection(ProjectConfigurationPlatforms) = postSolution
		{96FDC3E5-11D7-43CF-9A9D-4DE4997F718F}.Debug|Any CPU.ActiveCfg = Debug|Any CPU
		{96FDC3E5-11D7-43CF-9A9D-4DE4997F718F}.Debug|Any CPU.Build.0 = Debug|Any CPU
		{96FDC3E5-11D7-43CF-9A9D-4DE4997F718F}.Debug|x64.ActiveCfg = Debug|Any CPU
		{96FDC3E5-11D7-43CF-9A9D-4DE4997F718F}.Debug|x64.Build.0 = Debug|Any CPU
		{96FDC3E5-11D7-43CF-9A9D-4DE4997F718F}.Debug|x86.ActiveCfg = Debug|Any CPU
		{96FDC3E5-11D7-43CF-9A9D-4DE4997F718F}.Debug|x86.Build.0 = Debug|Any CPU
		{96FDC3E5-11D7-43CF-9A9D-4DE4997F718F}.Release|Any CPU.ActiveCfg = Release|Any CPU
		{96FDC3E5-11D7-43CF-9A9D-4DE4997F718F}.Release|Any CPU.Build.0 = Release|Any CPU
		{96FDC3E5-11D7-43CF-9A9D-4DE4997F718F}.Release|x64.ActiveCfg = Release|Any CPU
		{96FDC3E5-11D7-43CF-9A9D-4DE4997F718F}.Release|x64.Build.0 = Release|Any CPU
		{96FDC3E5-11D7-43CF-9A9D-4DE4997F718F}.Release|x86.ActiveCfg = Release|Any CPU
		{96FDC3E5-11D7-43CF-9A9D-4DE4997F718F}.Release|x86.Build.0 = Release|Any CPU
		{69DCBA51-E4AD-43B4-AAC3-77FAD309004D}.Debug|Any CPU.ActiveCfg = Debug|Any CPU
		{69DCBA51-E4AD-43B4-AAC3-77FAD309004D}.Debug|Any CPU.Build.0 = Debug|Any CPU
		{69DCBA51-E4AD-43B4-AAC3-77FAD309004D}.Debug|x64.ActiveCfg = Debug|Any CPU
		{69DCBA51-E4AD-43B4-AAC3-77FAD309004D}.Debug|x64.Build.0 = Debug|Any CPU
		{69DCBA51-E4AD-43B4-AAC3-77FAD309004D}.Debug|x86.ActiveCfg = Debug|Any CPU
		{69DCBA51-E4AD-43B4-AAC3-77FAD309004D}.Debug|x86.Build.0 = Debug|Any CPU
		{69DCBA51-E4AD-43B4-AAC3-77FAD309004D}.Release|Any CPU.ActiveCfg = Release|Any CPU
		{69DCBA51-E4AD-43B4-AAC3-77FAD309004D}.Release|Any CPU.Build.0 = Release|Any CPU
		{69DCBA51-E4AD-43B4-AAC3-77FAD309004D}.Release|x64.ActiveCfg = Release|Any CPU
		{69DCBA51-E4AD-43B4-AAC3-77FAD309004D}.Release|x64.Build.0 = Release|Any CPU
		{69DCBA51-E4AD-43B4-AAC3-77FAD309004D}.Release|x86.ActiveCfg = Release|Any CPU
		{69DCBA51-E4AD-43B4-AAC3-77FAD309004D}.Release|x86.Build.0 = Release|Any CPU
		{F8BF08FD-EA81-447A-8A2C-85264CF49C74}.Debug|Any CPU.ActiveCfg = Debug|Any CPU
		{F8BF08FD-EA81-447A-8A2C-85264CF49C74}.Debug|Any CPU.Build.0 = Debug|Any CPU
		{F8BF08FD-EA81-447A-8A2C-85264CF49C74}.Debug|x64.ActiveCfg = Debug|Any CPU
		{F8BF08FD-EA81-447A-8A2C-85264CF49C74}.Debug|x64.Build.0 = Debug|Any CPU
		{F8BF08FD-EA81-447A-8A2C-85264CF49C74}.Debug|x86.ActiveCfg = Debug|Any CPU
		{F8BF08FD-EA81-447A-8A2C-85264CF49C74}.Debug|x86.Build.0 = Debug|Any CPU
		{F8BF08FD-EA81-447A-8A2C-85264CF49C74}.Release|Any CPU.ActiveCfg = Release|Any CPU
		{F8BF08FD-EA81-447A-8A2C-85264CF49C74}.Release|Any CPU.Build.0 = Release|Any CPU
		{F8BF08FD-EA81-447A-8A2C-85264CF49C74}.Release|x64.ActiveCfg = Release|Any CPU
		{F8BF08FD-EA81-447A-8A2C-85264CF49C74}.Release|x64.Build.0 = Release|Any CPU
		{F8BF08FD-EA81-447A-8A2C-85264CF49C74}.Release|x86.ActiveCfg = Release|Any CPU
		{F8BF08FD-EA81-447A-8A2C-85264CF49C74}.Release|x86.Build.0 = Release|Any CPU
		{6487B384-77EF-4694-8165-FB1858384068}.Debug|Any CPU.ActiveCfg = Debug|Any CPU
		{6487B384-77EF-4694-8165-FB1858384068}.Debug|Any CPU.Build.0 = Debug|Any CPU
		{6487B384-77EF-4694-8165-FB1858384068}.Debug|x64.ActiveCfg = Debug|Any CPU
		{6487B384-77EF-4694-8165-FB1858384068}.Debug|x64.Build.0 = Debug|Any CPU
		{6487B384-77EF-4694-8165-FB1858384068}.Debug|x86.ActiveCfg = Debug|Any CPU
		{6487B384-77EF-4694-8165-FB1858384068}.Debug|x86.Build.0 = Debug|Any CPU
		{6487B384-77EF-4694-8165-FB1858384068}.Release|Any CPU.ActiveCfg = Release|Any CPU
		{6487B384-77EF-4694-8165-FB1858384068}.Release|Any CPU.Build.0 = Release|Any CPU
		{6487B384-77EF-4694-8165-FB1858384068}.Release|x64.ActiveCfg = Release|Any CPU
		{6487B384-77EF-4694-8165-FB1858384068}.Release|x64.Build.0 = Release|Any CPU
		{6487B384-77EF-4694-8165-FB1858384068}.Release|x86.ActiveCfg = Release|Any CPU
		{6487B384-77EF-4694-8165-FB1858384068}.Release|x86.Build.0 = Release|Any CPU
		{A859E72E-2358-4A89-A3CF-CECB43BAAEA7}.Debug|Any CPU.ActiveCfg = Debug|Any CPU
		{A859E72E-2358-4A89-A3CF-CECB43BAAEA7}.Debug|Any CPU.Build.0 = Debug|Any CPU
		{A859E72E-2358-4A89-A3CF-CECB43BAAEA7}.Debug|x64.ActiveCfg = Debug|Any CPU
		{A859E72E-2358-4A89-A3CF-CECB43BAAEA7}.Debug|x64.Build.0 = Debug|Any CPU
		{A859E72E-2358-4A89-A3CF-CECB43BAAEA7}.Debug|x86.ActiveCfg = Debug|Any CPU
		{A859E72E-2358-4A89-A3CF-CECB43BAAEA7}.Debug|x86.Build.0 = Debug|Any CPU
		{A859E72E-2358-4A89-A3CF-CECB43BAAEA7}.Release|Any CPU.ActiveCfg = Release|Any CPU
		{A859E72E-2358-4A89-A3CF-CECB43BAAEA7}.Release|Any CPU.Build.0 = Release|Any CPU
		{A859E72E-2358-4A89-A3CF-CECB43BAAEA7}.Release|x64.ActiveCfg = Release|Any CPU
		{A859E72E-2358-4A89-A3CF-CECB43BAAEA7}.Release|x64.Build.0 = Release|Any CPU
		{A859E72E-2358-4A89-A3CF-CECB43BAAEA7}.Release|x86.ActiveCfg = Release|Any CPU
		{A859E72E-2358-4A89-A3CF-CECB43BAAEA7}.Release|x86.Build.0 = Release|Any CPU
	EndGlobalSection
	GlobalSection(NestedProjects) = preSolution
		{96FDC3E5-11D7-43CF-9A9D-4DE4997F718F} = {C3D92F11-7FD2-49FD-AAD0-08DCB1F3EB13}
		{F8BF08FD-EA81-447A-8A2C-85264CF49C74} = {70EBE988-6288-4198-A3B9-E83D799869D8}
		{6487B384-77EF-4694-8165-FB1858384068} = {70EBE988-6288-4198-A3B9-E83D799869D8}
		{A859E72E-2358-4A89-A3CF-CECB43BAAEA7} = {D803089C-CD41-420B-959A-9C646681B761}
	EndGlobalSection
EndGlobal
